
Microsoft Visual Studio Solution File, Format Version 12.00
# Visual Studio Version 17
VisualStudioVersion = 17.1.32210.238
MinimumVisualStudioVersion = 10.0.40219.1
Project("{FAE04EC0-301F-11D3-BF4B-00C04F79EFBC}") = "MSM memory game solver", "MSM memory game solver\MSM memory game solver.csproj", "{508C8992-40A6-4077-B40E-E1009E8C931E}"
EndProject
Global
	GlobalSection(SolutionConfigurationPlatforms) = preSolution
		Debug|Any CPU = Debug|Any CPU
		Release|Any CPU = Release|Any CPU
	EndGlobalSection
	GlobalSection(ProjectConfigurationPlatforms) = postSolution
		{508C8992-40A6-4077-B40E-E1009E8C931E}.Debug|Any CPU.ActiveCfg = Debug|Any CPU
		{508C8992-40A6-4077-B40E-E1009E8C931E}.Debug|Any CPU.Build.0 = Debug|Any CPU
		{508C8992-40A6-4077-B40E-E1009E8C931E}.Release|Any CPU.ActiveCfg = Release|Any CPU
		{508C8992-40A6-4077-B40E-E1009E8C931E}.Release|Any CPU.Build.0 = Release|Any CPU
	EndGlobalSection
	GlobalSection(SolutionProperties) = preSolution
		HideSolutionNode = FALSE
	EndGlobalSection
	GlobalSection(ExtensibilityGlobals) = postSolution
		SolutionGuid = {A45B2458-741E-41CE-8B19-9D60C82D4118}
	EndGlobalSection
EndGlobal
